{
  "originHash" : "81f08fef7c3c808ca7a63d9d067cdba5c505c95250b88da1697a7bd90985688a",
  "pins" : [
    {
      "identity" : "sptest",
      "kind" : "remoteSourceControl",
      "location" : "https://github.com/MutatingFunc/SPTest.git",
      "state" : {
        "revision" : "9fc8ab9b8bb9b1e06ccabd66ff5885c19d084346",
        "version" : "1.0.0"
      }
    },
    {
      "identity" : "swift-syntax",
      "kind" : "remoteSourceControl",
      "location" : "https://github.com/apple/swift-syntax.git",
      "state" : {
        "revision" : "64889f0c732f210a935a0ad7cda38f77f876262d",
        "version" : "509.1.1"
      }
    }
  ],
  "version" : 3
}
